
Microsoft Visual Studio Solution File, Format Version 12.00
# Visual Studio 15
VisualStudioVersion = 15.0.27130.2010
MinimumVisualStudioVersion = 10.0.40219.1
Project("{FAE04EC0-301F-11D3-BF4B-00C04F79EFBC}") = "TriviaGameNewFW", "TriviaGameNewFW\TriviaGameNewFW.csproj", "{A79A9C65-1283-4D03-9103-CD6F7C8113CE}"
EndProject
Global
	GlobalSection(SolutionConfigurationPlatforms) = preSolution
		Debug|ARM = Debug|ARM
		Debug|x64 = Debug|x64
		Debug|x86 = Debug|x86
		Release|ARM = Release|ARM
		Release|x64 = Release|x64
		Release|x86 = Release|x86
	EndGlobalSection
	GlobalSection(ProjectConfigurationPlatforms) = postSolution
		{A79A9C65-1283-4D03-9103-CD6F7C8113CE}.Debug|ARM.ActiveCfg = Debug|ARM
		{A79A9C65-1283-4D03-9103-CD6F7C8113CE}.Debug|ARM.Build.0 = Debug|ARM
		{A79A9C65-1283-4D03-9103-CD6F7C8113CE}.Debug|ARM.Deploy.0 = Debug|ARM
		{A79A9C65-1283-4D03-9103-CD6F7C8113CE}.Debug|x64.ActiveCfg = Debug|x64
		{A79A9C65-1283-4D03-9103-CD6F7C8113CE}.Debug|x64.Build.0 = Debug|x64
		{A79A9C65-1283-4D03-9103-CD6F7C8113CE}.Debug|x64.Deploy.0 = Debug|x64
		{A79A9C65-1283-4D03-9103-CD6F7C8113CE}.Debug|x86.ActiveCfg = Debug|x86
		{A79A9C65-1283-4D03-9103-CD6F7C8113CE}.Debug|x86.Build.0 = Debug|x86
		{A79A9C65-1283-4D03-9103-CD6F7C8113CE}.Debug|x86.Deploy.0 = Debug|x86
		{A79A9C65-1283-4D03-9103-CD6F7C8113CE}.Release|ARM.ActiveCfg = Release|ARM
		{A79A9C65-1283-4D03-9103-CD6F7C8113CE}.Release|ARM.Build.0 = Release|ARM
		{A79A9C65-1283-4D03-9103-CD6F7C8113CE}.Release|ARM.Deploy.0 = Release|ARM
		{A79A9C65-1283-4D03-9103-CD6F7C8113CE}.Release|x64.ActiveCfg = Release|x64
		{A79A9C65-1283-4D03-9103-CD6F7C8113CE}.Release|x64.Build.0 = Release|x64
		{A79A9C65-1283-4D03-9103-CD6F7C8113CE}.Release|x64.Deploy.0 = Release|x64
		{A79A9C65-1283-4D03-9103-CD6F7C8113CE}.Release|x86.ActiveCfg = Release|x86
		{A79A9C65-1283-4D03-9103-CD6F7C8113CE}.Release|x86.Build.0 = Release|x86
		{A79A9C65-1283-4D03-9103-CD6F7C8113CE}.Release|x86.Deploy.0 = Release|x86
	EndGlobalSection
	GlobalSection(SolutionProperties) = preSolution
		HideSolutionNode = FALSE
	EndGlobalSection
	GlobalSection(ExtensibilityGlobals) = postSolution
		SolutionGuid = {3D49A0F3-8CA2-4B86-B016-A9239789B90C}
	EndGlobalSection
EndGlobal
